
Microsoft Visual Studio Solution File, Format Version 12.00
# Visual Studio Version 17
VisualStudioVersion = 17.14.36310.24 d17.14
MinimumVisualStudioVersion = 10.0.40219.1
Project("{FAE04EC0-301F-11D3-BF4B-00C04F79EFBC}") = "Imagenes.Api", "Imagenes.Api\Imagenes.Api.csproj", "{CA0CEDF7-8FCA-4031-AD83-CBAA1965B85C}"
EndProject
Project("{FAE04EC0-301F-11D3-BF4B-00C04F79EFBC}") = "Imagenes.Logic", "Imagenes.Logic\Imagenes.Logic.csproj", "{20F21154-8923-42A7-8925-9F441E573D03}"
EndProject
Global
	GlobalSection(SolutionConfigurationPlatforms) = preSolution
		Debug|Any CPU = Debug|Any CPU
		Release|Any CPU = Release|Any CPU
	EndGlobalSection
	GlobalSection(ProjectConfigurationPlatforms) = postSolution
		{CA0CEDF7-8FCA-4031-AD83-CBAA1965B85C}.Debug|Any CPU.ActiveCfg = Debug|Any CPU
		{CA0CEDF7-8FCA-4031-AD83-CBAA1965B85C}.Debug|Any CPU.Build.0 = Debug|Any CPU
		{CA0CEDF7-8FCA-4031-AD83-CBAA1965B85C}.Release|Any CPU.ActiveCfg = Release|Any CPU
		{CA0CEDF7-8FCA-4031-AD83-CBAA1965B85C}.Release|Any CPU.Build.0 = Release|Any CPU
		{20F21154-8923-42A7-8925-9F441E573D03}.Debug|Any CPU.ActiveCfg = Debug|Any CPU
		{20F21154-8923-42A7-8925-9F441E573D03}.Debug|Any CPU.Build.0 = Debug|Any CPU
		{20F21154-8923-42A7-8925-9F441E573D03}.Release|Any CPU.ActiveCfg = Release|Any CPU
		{20F21154-8923-42A7-8925-9F441E573D03}.Release|Any CPU.Build.0 = Release|Any CPU
	EndGlobalSection
	GlobalSection(SolutionProperties) = preSolution
		HideSolutionNode = FALSE
	EndGlobalSection
	GlobalSection(ExtensibilityGlobals) = postSolution
		SolutionGuid = {33C2B751-AEB8-4937-8DD9-7614DD09545D}
	EndGlobalSection
EndGlobal
